PODS:
  - Differentiator (3.1.0)
  - RxAtomic (4.4.0)
  - RxCocoa (4.4.0):
    - RxSwift (~> 4.0)
  - RxDataSources (3.1.0):
    - Differentiator (~> 3.0)
    - RxCocoa (~> 4.0)
    - RxSwift (~> 4.0)
  - RxSwift (4.4.0):
    - RxAtomic (~> 4.4)
  - SVProgressHUD (2.2.5)
  - WeScan (0.9.1)

DEPENDENCIES:
  - RxCocoa (~> 4.0)
  - RxDataSources (~> 3.0)
  - RxSwift (~> 4.0)
  - SVProgressHUD
  - WeScan (>= 0.9)

SPEC REPOS:
  https://github.com/cocoapods/specs.git:
    - Differentiator
    - RxAtomic
    - RxCocoa
    - RxDataSources
    - RxSwift
    - SVProgressHUD
    - WeScan

SPEC CHECKSUMS:
  Differentiator: be49ca3408f0ecfc761e4c7763d20c62be01b9ad
  RxAtomic: eacf60db868c96bfd63320e28619fe29c179656f
  RxCocoa: df63ebf7b9a70d6b4eeea407ed5dd4efc8979749
  RxDataSources: a843bad90c29817f5923ec8163f4af2de084ceb3
  RxSwift: 5976ecd04fc2fefd648827c23de5e11157faa973
  SVProgressHUD: 1428aafac632c1f86f62aa4243ec12008d7a51d6
  WeScan: 85518097ab11d38be3b3a6e0ae244d59bc8071b4

PODFILE CHECKSUM: 6f632c1dc90d33ea055fdbf69269ea37409bdb57

COCOAPODS: 1.6.1
